
Microsoft Visual Studio Solution File, Format Version 12.00
# Visual Studio Version 16
VisualStudioVersion = 16.0.30523.141
MinimumVisualStudioVersion = 10.0.40219.1
Project("{FAE04EC0-301F-11D3-BF4B-00C04F79EFBC}") = "TropicalServerApp", "TropicalServerApp\TropicalServerApp.csproj", "{81DB9C19-4585-4127-8CFC-E173B3128FED}"
EndProject
Project("{FAE04EC0-301F-11D3-BF4B-00C04F79EFBC}") = "TropicalServer.BLL", "TropicalServer.BLL\TropicalServer.BLL.csproj", "{44641218-B214-407A-8451-C34B2C246A22}"
EndProject
Project("{FAE04EC0-301F-11D3-BF4B-00C04F79EFBC}") = "TropicalServer.DAL", "TropicalServer.DAL\TropicalServer.DAL.csproj", "{14C03BAC-480B-41E0-AA13-2FB6C6614E38}"
EndProject
Global
	GlobalSection(SolutionConfigurationPlatforms) = preSolution
		Debug|Any CPU = Debug|Any CPU
		Release|Any CPU = Release|Any CPU
	EndGlobalSection
	GlobalSection(ProjectConfigurationPlatforms) = postSolution
		{81DB9C19-4585-4127-8CFC-E173B3128FED}.Debug|Any CPU.ActiveCfg = Debug|Any CPU
		{81DB9C19-4585-4127-8CFC-E173B3128FED}.Debug|Any CPU.Build.0 = Debug|Any CPU
		{81DB9C19-4585-4127-8CFC-E173B3128FED}.Release|Any CPU.ActiveCfg = Release|Any CPU
		{81DB9C19-4585-4127-8CFC-E173B3128FED}.Release|Any CPU.Build.0 = Release|Any CPU
		{44641218-B214-407A-8451-C34B2C246A22}.Debug|Any CPU.ActiveCfg = Debug|Any CPU
		{44641218-B214-407A-8451-C34B2C246A22}.Debug|Any CPU.Build.0 = Debug|Any CPU
		{44641218-B214-407A-8451-C34B2C246A22}.Release|Any CPU.ActiveCfg = Release|Any CPU
		{44641218-B214-407A-8451-C34B2C246A22}.Release|Any CPU.Build.0 = Release|Any CPU
		{14C03BAC-480B-41E0-AA13-2FB6C6614E38}.Debug|Any CPU.ActiveCfg = Debug|Any CPU
		{14C03BAC-480B-41E0-AA13-2FB6C6614E38}.Debug|Any CPU.Build.0 = Debug|Any CPU
		{14C03BAC-480B-41E0-AA13-2FB6C6614E38}.Release|Any CPU.ActiveCfg = Release|Any CPU
		{14C03BAC-480B-41E0-AA13-2FB6C6614E38}.Release|Any CPU.Build.0 = Release|Any CPU
	EndGlobalSection
	GlobalSection(SolutionProperties) = preSolution
		HideSolutionNode = FALSE
	EndGlobalSection
	GlobalSection(ExtensibilityGlobals) = postSolution
		SolutionGuid = {A2D29653-F217-4B00-BE26-89A5D9F86576}
	EndGlobalSection
EndGlobal
